
Microsoft Visual Studio Solution File, Format Version 12.00
# Visual Studio Version 17
VisualStudioVersion = 17.0.31903.59
MinimumVisualStudioVersion = 10.0.40219.1
Project("{2150E333-8FDC-42A3-9474-1A3956D46DE8}") = "shared", "shared", "{4F52FD11-658E-A102-6CD3-7D7C16FFA15B}"
EndProject
Project("{FAE04EC0-301F-11D3-BF4B-00C04F79EFBC}") = "Universo.Types", "shared\Universo.Types\Universo.Types.csproj", "{1F8AA085-081E-4C0D-963E-DF9805EDF0E7}"
EndProject
Project("{FAE04EC0-301F-11D3-BF4B-00C04F79EFBC}") = "Universo.Utils", "shared\Universo.Utils\Universo.Utils.csproj", "{CF1FFE4D-9581-4450-BB2E-8B3771916BE2}"
EndProject
Project("{FAE04EC0-301F-11D3-BF4B-00C04F79EFBC}") = "Universo.I18n", "shared\Universo.I18n\Universo.I18n.csproj", "{99973C21-8E09-49DB-87D2-F22A787F8C92}"
EndProject
Project("{2150E333-8FDC-42A3-9474-1A3956D46DE8}") = "packages", "packages", "{809F86A1-1C4C-B159-0CD4-DF9D33D876CE}"
EndProject
Project("{2150E333-8FDC-42A3-9474-1A3956D46DE8}") = "api-host-srv", "api-host-srv", "{9FBABBE9-C928-614F-5A96-40696BB128C1}"
EndProject
Project("{2150E333-8FDC-42A3-9474-1A3956D46DE8}") = "base", "base", "{6AC0E0FB-8F14-293E-CD37-593F20A15502}"
EndProject
Project("{FAE04EC0-301F-11D3-BF4B-00C04F79EFBC}") = "api-host-srv", "packages\api-host-srv\base\api-host-srv.csproj", "{3F26EBFC-6F8F-4222-986E-C96C9EB25154}"
EndProject
Global
	GlobalSection(SolutionConfigurationPlatforms) = preSolution
		Debug|Any CPU = Debug|Any CPU
		Debug|x64 = Debug|x64
		Debug|x86 = Debug|x86
		Release|Any CPU = Release|Any CPU
		Release|x64 = Release|x64
		Release|x86 = Release|x86
	EndGlobalSection
	GlobalSection(ProjectConfigurationPlatforms) = postSolution
		{1F8AA085-081E-4C0D-963E-DF9805EDF0E7}.Debug|Any CPU.ActiveCfg = Debug|Any CPU
		{1F8AA085-081E-4C0D-963E-DF9805EDF0E7}.Debug|Any CPU.Build.0 = Debug|Any CPU
		{1F8AA085-081E-4C0D-963E-DF9805EDF0E7}.Debug|x64.ActiveCfg = Debug|Any CPU
		{1F8AA085-081E-4C0D-963E-DF9805EDF0E7}.Debug|x64.Build.0 = Debug|Any CPU
		{1F8AA085-081E-4C0D-963E-DF9805EDF0E7}.Debug|x86.ActiveCfg = Debug|Any CPU
		{1F8AA085-081E-4C0D-963E-DF9805EDF0E7}.Debug|x86.Build.0 = Debug|Any CPU
		{1F8AA085-081E-4C0D-963E-DF9805EDF0E7}.Release|Any CPU.ActiveCfg = Release|Any CPU
		{1F8AA085-081E-4C0D-963E-DF9805EDF0E7}.Release|Any CPU.Build.0 = Release|Any CPU
		{1F8AA085-081E-4C0D-963E-DF9805EDF0E7}.Release|x64.ActiveCfg = Release|Any CPU
		{1F8AA085-081E-4C0D-963E-DF9805EDF0E7}.Release|x64.Build.0 = Release|Any CPU
		{1F8AA085-081E-4C0D-963E-DF9805EDF0E7}.Release|x86.ActiveCfg = Release|Any CPU
		{1F8AA085-081E-4C0D-963E-DF9805EDF0E7}.Release|x86.Build.0 = Release|Any CPU
		{CF1FFE4D-9581-4450-BB2E-8B3771916BE2}.Debug|Any CPU.ActiveCfg = Debug|Any CPU
		{CF1FFE4D-9581-4450-BB2E-8B3771916BE2}.Debug|Any CPU.Build.0 = Debug|Any CPU
		{CF1FFE4D-9581-4450-BB2E-8B3771916BE2}.Debug|x64.ActiveCfg = Debug|Any CPU
		{CF1FFE4D-9581-4450-BB2E-8B3771916BE2}.Debug|x64.Build.0 = Debug|Any CPU
		{CF1FFE4D-9581-4450-BB2E-8B3771916BE2}.Debug|x86.ActiveCfg = Debug|Any CPU
		{CF1FFE4D-9581-4450-BB2E-8B3771916BE2}.Debug|x86.Build.0 = Debug|Any CPU
		{CF1FFE4D-9581-4450-BB2E-8B3771916BE2}.Release|Any CPU.ActiveCfg = Release|Any CPU
		{CF1FFE4D-9581-4450-BB2E-8B3771916BE2}.Release|Any CPU.Build.0 = Release|Any CPU
		{CF1FFE4D-9581-4450-BB2E-8B3771916BE2}.Release|x64.ActiveCfg = Release|Any CPU
		{CF1FFE4D-9581-4450-BB2E-8B3771916BE2}.Release|x64.Build.0 = Release|Any CPU
		{CF1FFE4D-9581-4450-BB2E-8B3771916BE2}.Release|x86.ActiveCfg = Release|Any CPU
		{CF1FFE4D-9581-4450-BB2E-8B3771916BE2}.Release|x86.Build.0 = Release|Any CPU
		{99973C21-8E09-49DB-87D2-F22A787F8C92}.Debug|Any CPU.ActiveCfg = Debug|Any CPU
		{99973C21-8E09-49DB-87D2-F22A787F8C92}.Debug|Any CPU.Build.0 = Debug|Any CPU
		{99973C21-8E09-49DB-87D2-F22A787F8C92}.Debug|x64.ActiveCfg = Debug|Any CPU
		{99973C21-8E09-49DB-87D2-F22A787F8C92}.Debug|x64.Build.0 = Debug|Any CPU
		{99973C21-8E09-49DB-87D2-F22A787F8C92}.Debug|x86.ActiveCfg = Debug|Any CPU
		{99973C21-8E09-49DB-87D2-F22A787F8C92}.Debug|x86.Build.0 = Debug|Any CPU
		{99973C21-8E09-49DB-87D2-F22A787F8C92}.Release|Any CPU.ActiveCfg = Release|Any CPU
		{99973C21-8E09-49DB-87D2-F22A787F8C92}.Release|Any CPU.Build.0 = Release|Any CPU
		{99973C21-8E09-49DB-87D2-F22A787F8C92}.Release|x64.ActiveCfg = Release|Any CPU
		{99973C21-8E09-49DB-87D2-F22A787F8C92}.Release|x64.Build.0 = Release|Any CPU
		{99973C21-8E09-49DB-87D2-F22A787F8C92}.Release|x86.ActiveCfg = Release|Any CPU
		{99973C21-8E09-49DB-87D2-F22A787F8C92}.Release|x86.Build.0 = Release|Any CPU
		{3F26EBFC-6F8F-4222-986E-C96C9EB25154}.Debug|Any CPU.ActiveCfg = Debug|Any CPU
		{3F26EBFC-6F8F-4222-986E-C96C9EB25154}.Debug|Any CPU.Build.0 = Debug|Any CPU
		{3F26EBFC-6F8F-4222-986E-C96C9EB25154}.Debug|x64.ActiveCfg = Debug|Any CPU
		{3F26EBFC-6F8F-4222-986E-C96C9EB25154}.Debug|x64.Build.0 = Debug|Any CPU
		{3F26EBFC-6F8F-4222-986E-C96C9EB25154}.Debug|x86.ActiveCfg = Debug|Any CPU
		{3F26EBFC-6F8F-4222-986E-C96C9EB25154}.Debug|x86.Build.0 = Debug|Any CPU
		{3F26EBFC-6F8F-4222-986E-C96C9EB25154}.Release|Any CPU.ActiveCfg = Release|Any CPU
		{3F26EBFC-6F8F-4222-986E-C96C9EB25154}.Release|Any CPU.Build.0 = Release|Any CPU
		{3F26EBFC-6F8F-4222-986E-C96C9EB25154}.Release|x64.ActiveCfg = Release|Any CPU
		{3F26EBFC-6F8F-4222-986E-C96C9EB25154}.Release|x64.Build.0 = Release|Any CPU
		{3F26EBFC-6F8F-4222-986E-C96C9EB25154}.Release|x86.ActiveCfg = Release|Any CPU
		{3F26EBFC-6F8F-4222-986E-C96C9EB25154}.Release|x86.Build.0 = Release|Any CPU
	EndGlobalSection
	GlobalSection(SolutionProperties) = preSolution
		HideSolutionNode = FALSE
	EndGlobalSection
	GlobalSection(NestedProjects) = preSolution
		{1F8AA085-081E-4C0D-963E-DF9805EDF0E7} = {4F52FD11-658E-A102-6CD3-7D7C16FFA15B}
		{CF1FFE4D-9581-4450-BB2E-8B3771916BE2} = {4F52FD11-658E-A102-6CD3-7D7C16FFA15B}
		{99973C21-8E09-49DB-87D2-F22A787F8C92} = {4F52FD11-658E-A102-6CD3-7D7C16FFA15B}
		{9FBABBE9-C928-614F-5A96-40696BB128C1} = {809F86A1-1C4C-B159-0CD4-DF9D33D876CE}
		{6AC0E0FB-8F14-293E-CD37-593F20A15502} = {9FBABBE9-C928-614F-5A96-40696BB128C1}
		{3F26EBFC-6F8F-4222-986E-C96C9EB25154} = {6AC0E0FB-8F14-293E-CD37-593F20A15502}
	EndGlobalSection
EndGlobal
